
Microsoft Visual Studio Solution File, Format Version 12.00
# Visual Studio Version 17
VisualStudioVersion = 17.3.32929.385
MinimumVisualStudioVersion = 10.0.40219.1
Project("{FAE04EC0-301F-11D3-BF4B-00C04F79EFBC}") = "p227FirstApi", "p227FirstApi\p227FirstApi.csproj", "{D30B481A-7BC0-44B8-8722-55348BB2F847}"
EndProject
Global
	GlobalSection(SolutionConfigurationPlatforms) = preSolution
		Debug|Any CPU = Debug|Any CPU
		Release|Any CPU = Release|Any CPU
	EndGlobalSection
	GlobalSection(ProjectConfigurationPlatforms) = postSolution
		{D30B481A-7BC0-44B8-8722-55348BB2F847}.Debug|Any CPU.ActiveCfg = Debug|Any CPU
		{D30B481A-7BC0-44B8-8722-55348BB2F847}.Debug|Any CPU.Build.0 = Debug|Any CPU
		{D30B481A-7BC0-44B8-8722-55348BB2F847}.Release|Any CPU.ActiveCfg = Release|Any CPU
		{D30B481A-7BC0-44B8-8722-55348BB2F847}.Release|Any CPU.Build.0 = Release|Any CPU
	EndGlobalSection
	GlobalSection(SolutionProperties) = preSolution
		HideSolutionNode = FALSE
	EndGlobalSection
	GlobalSection(ExtensibilityGlobals) = postSolution
		SolutionGuid = {877386D8-3B79-4E60-A0C0-2430CA32BBA5}
	EndGlobalSection
EndGlobal
